// !$*UTF8*$!
{
	archiveVersion = 1;
	classes = {
	};
	objectVersion = 56;
	objects = {

/* Begin PBXBuildFile section */
		CBD8AE9E2916E2D600AFFF60 /* playtivityApp.swift in Sources */ = {isa = PBXBuildFile; fileRef = CBD8AE9D2916E2D600AFFF60 /* playtivityApp.swift */; };
		CBD8AEA02916E2D600AFFF60 /* ContentView.swift in Sources */ = {isa = PBXBuildFile; fileRef = CBD8AE9F2916E2D600AFFF60 /* ContentView.swift */; };
		CBD8AEA22916E2D600AFFF60 /* Assets.xcassets in Resources */ = {isa = PBXBuildFile; fileRef = CBD8AEA12916E2D600AFFF60 /* Assets.xcassets */; };
		CBD8AEA52916E2D600AFFF60 /* Preview Assets.xcassets in Resources */ = {isa = PBXBuildFile; fileRef = CBD8AEA42916E2D600AFFF60 /* Preview Assets.xcassets */; };
		CBD8AEAC2917829B00AFFF60 /* HeaderView.swift in Sources */ = {isa = PBXBuildFile; fileRef = CBD8AEAB2917829B00AFFF60 /* HeaderView.swift */; };
		CBD8AEAE291782B500AFFF60 /* SectionTitleView.swift in Sources */ = {isa = PBXBuildFile; fileRef = CBD8AEAD291782B500AFFF60 /* SectionTitleView.swift */; };
		CBD8AEB0291782CE00AFFF60 /* Catagories.swift in Sources */ = {isa = PBXBuildFile; fileRef = CBD8AEAF291782CE00AFFF60 /* Catagories.swift */; };
		CBD8AEB82917836000AFFF60 /* TabBar.swift in Sources */ = {isa = PBXBuildFile; fileRef = CBD8AEB72917836000AFFF60 /* TabBar.swift */; };
		CBD8AEBA2917837F00AFFF60 /* MainTaBar.swift in Sources */ = {isa = PBXBuildFile; fileRef = CBD8AEB92917837F00AFFF60 /* MainTaBar.swift */; };
		CBD8AEBC2917838E00AFFF60 /* Login.swift in Sources */ = {isa = PBXBuildFile; fileRef = CBD8AEBB2917838E00AFFF60 /* Login.swift */; };
		CBD8AEBE291783A200AFFF60 /* ProfileView.swift in Sources */ = {isa = PBXBuildFile; fileRef = CBD8AEBD291783A200AFFF60 /* ProfileView.swift */; };
		CBD8AEC0291783B200AFFF60 /* MyProfile.swift in Sources */ = {isa = PBXBuildFile; fileRef = CBD8AEBF291783B200AFFF60 /* MyProfile.swift */; };
		CBD8AEC2291783C500AFFF60 /* KidsActivity.swift in Sources */ = {isa = PBXBuildFile; fileRef = CBD8AEC1291783C500AFFF60 /* KidsActivity.swift */; };
		CBD8AEC4291783D500AFFF60 /* SignUp.swift in Sources */ = {isa = PBXBuildFile; fileRef = CBD8AEC3291783D500AFFF60 /* SignUp.swift */; };
		CBD8AEC6291783E600AFFF60 /* HomeScreen.swift in Sources */ = {isa = PBXBuildFile; fileRef = CBD8AEC5291783E600AFFF60 /* HomeScreen.swift */; };
		CBD8AEC82917840B00AFFF60 /* SplashScreen.swift in Sources */ = {isa = PBXBuildFile; fileRef = CBD8AEC72917840B00AFFF60 /* SplashScreen.swift */; };
		CBD8AECA2917841D00AFFF60 /* DetailScreen.swift in Sources */ = {isa = PBXBuildFile; fileRef = CBD8AEC92917841D00AFFF60 /* DetailScreen.swift */; };
		CBD8AECC2917842D00AFFF60 /* Favorite.swift in Sources */ = {isa = PBXBuildFile; fileRef = CBD8AECB2917842D00AFFF60 /* Favorite.swift */; };
		CBD8AECE2917844200AFFF60 /* HomeScreen2.swift in Sources */ = {isa = PBXBuildFile; fileRef = CBD8AECD2917844200AFFF60 /* HomeScreen2.swift */; };
/* End PBXBuildFile section */

/* Begin PBXFileReference section */
		CBD8AE9A2916E2D600AFFF60 /* playtivity.app */ = {isa = PBXFileReference; explicitFileType = wrapper.application; includeInIndex = 0; path = playtivity.app; sourceTree = BUILT_PRODUCTS_DIR; };
		CBD8AE9D2916E2D600AFFF60 /* playtivityApp.swift */ = {isa = PBXFileReference; lastKnownFileType = sourcecode.swift; path = playtivityApp.swift; sourceTree = "<group>"; };
		CBD8AE9F2916E2D600AFFF60 /* ContentView.swift */ = {isa = PBXFileReference; lastKnownFileType = sourcecode.swift; path = ContentView.swift; sourceTree = "<group>"; };
		CBD8AEA12916E2D600AFFF60 /* Assets.xcassets */ = {isa = PBXFileReference; lastKnownFileType = folder.assetcatalog; path = Assets.xcassets; sourceTree = "<group>"; };
		CBD8AEA42916E2D600AFFF60 /* Preview Assets.xcassets */ = {isa = PBXFileReference; lastKnownFileType = folder.assetcatalog; path = "Preview Assets.xcassets"; sourceTree = "<group>"; };
		CBD8AEAB2917829B00AFFF60 /* HeaderView.swift */ = {isa = PBXFileReference; lastKnownFileType = sourcecode.swift; path = HeaderView.swift; sourceTree = "<group>"; };
		CBD8AEAD291782B500AFFF60 /* SectionTitleView.swift */ = {isa = PBXFileReference; lastKnownFileType = sourcecode.swift; path = SectionTitleView.swift; sourceTree = "<group>"; };
		CBD8AEAF291782CE00AFFF60 /* Catagories.swift */ = {isa = PBXFileReference; lastKnownFileType = sourcecode.swift; path = Catagories.swift; sourceTree = "<group>"; };
		CBD8AEB42917831C00AFFF60 /* PlayfairDisplay-Regular.ttf */ = {isa = PBXFileReference; lastKnownFileType = file; path = "PlayfairDisplay-Regular.ttf"; sourceTree = "<group>"; };
		CBD8AEB52917831C00AFFF60 /* PlayfairDisplay-Bold.ttf */ = {isa = PBXFileReference; lastKnownFileType = file; path = "PlayfairDisplay-Bold.ttf"; sourceTree = "<group>"; };
		CBD8AEB72917836000AFFF60 /* TabBar.swift */ = {isa = PBXFileReference; lastKnownFileType = sourcecode.swift; path = TabBar.swift; sourceTree = "<group>"; };
		CBD8AEB92917837F00AFFF60 /* MainTaBar.swift */ = {isa = PBXFileReference; lastKnownFileType = sourcecode.swift; path = MainTaBar.swift; sourceTree = "<group>"; };
		CBD8AEBB2917838E00AFFF60 /* Login.swift */ = {isa = PBXFileReference; lastKnownFileType = sourcecode.swift; path = Login.swift; sourceTree = "<group>"; };
		CBD8AEBD291783A200AFFF60 /* ProfileView.swift */ = {isa = PBXFileReference; lastKnownFileType = sourcecode.swift; path = ProfileView.swift; sourceTree = "<group>"; };
		CBD8AEBF291783B200AFFF60 /* MyProfile.swift */ = {isa = PBXFileReference; lastKnownFileType = sourcecode.swift; path = MyProfile.swift; sourceTree = "<group>"; };
		CBD8AEC1291783C500AFFF60 /* KidsActivity.swift */ = {isa = PBXFileReference; lastKnownFileType = sourcecode.swift; path = KidsActivity.swift; sourceTree = "<group>"; };
		CBD8AEC3291783D500AFFF60 /* SignUp.swift */ = {isa = PBXFileReference; lastKnownFileType = sourcecode.swift; path = SignUp.swift; sourceTree = "<group>"; };
		CBD8AEC5291783E600AFFF60 /* HomeScreen.swift */ = {isa = PBXFileReference; lastKnownFileType = sourcecode.swift; path = HomeScreen.swift; sourceTree = "<group>"; };
		CBD8AEC72917840B00AFFF60 /* SplashScreen.swift */ = {isa = PBXFileReference; lastKnownFileType = sourcecode.swift; path = SplashScreen.swift; sourceTree = "<group>"; };
		CBD8AEC92917841D00AFFF60 /* DetailScreen.swift */ = {isa = PBXFileReference; lastKnownFileType = sourcecode.swift; path = DetailScreen.swift; sourceTree = "<group>"; };
		CBD8AECB2917842D00AFFF60 /* Favorite.swift */ = {isa = PBXFileReference; lastKnownFileType = sourcecode.swift; path = Favorite.swift; sourceTree = "<group>"; };
		CBD8AECD2917844200AFFF60 /* HomeScreen2.swift */ = {isa = PBXFileReference; lastKnownFileType = sourcecode.swift; path = HomeScreen2.swift; sourceTree = "<group>"; };
/* End PBXFileReference section */

/* Begin PBXFrameworksBuildPhase section */
		CBD8AE972916E2D600AFFF60 /* Frameworks */ = {
			isa = PBXFrameworksBuildPhase;
			buildActionMask = 2147483647;
			files = (
			);
			runOnlyForDeploymentPostprocessing = 0;
		};
/* End PBXFrameworksBuildPhase section */

/* Begin PBXGroup section */
		CBD8AE912916E2D600AFFF60 = {
			isa = PBXGroup;
			children = (
				CBD8AE9C2916E2D600AFFF60 /* playtivity */,
				CBD8AE9B2916E2D600AFFF60 /* Products */,
			);
			sourceTree = "<group>";
		};
		CBD8AE9B2916E2D600AFFF60 /* Products */ = {
			isa = PBXGroup;
			children = (
				CBD8AE9A2916E2D600AFFF60 /* playtivity.app */,
			);
			name = Products;
			sourceTree = "<group>";
		};
		CBD8AE9C2916E2D600AFFF60 /* playtivity */ = {
			isa = PBXGroup;
			children = (
				CBD8AE9D2916E2D600AFFF60 /* playtivityApp.swift */,
				CBD8AECF291784B400AFFF60 /* Screens */,
				CBD8AE9F2916E2D600AFFF60 /* ContentView.swift */,
				CBD8AEB62917834400AFFF60 /* components */,
				CBD8AEB32917831B00AFFF60 /* Fonts */,
				CBD8AEA12916E2D600AFFF60 /* Assets.xcassets */,
				CBD8AEA32916E2D600AFFF60 /* Preview Content */,
			);
			path = playtivity;
			sourceTree = "<group>";
		};
		CBD8AEA32916E2D600AFFF60 /* Preview Content */ = {
			isa = PBXGroup;
			children = (
				CBD8AEA42916E2D600AFFF60 /* Preview Assets.xcassets */,
			);
			path = "Preview Content";
			sourceTree = "<group>";
		};
		CBD8AEB32917831B00AFFF60 /* Fonts */ = {
			isa = PBXGroup;
			children = (
				CBD8AEB52917831C00AFFF60 /* PlayfairDisplay-Bold.ttf */,
				CBD8AEB42917831C00AFFF60 /* PlayfairDisplay-Regular.ttf */,
			);
			path = Fonts;
			sourceTree = "<group>";
		};
		CBD8AEB62917834400AFFF60 /* components */ = {
			isa = PBXGroup;
			children = (
				CBD8AEAB2917829B00AFFF60 /* HeaderView.swift */,
				CBD8AEAD291782B500AFFF60 /* SectionTitleView.swift */,
				CBD8AEAF291782CE00AFFF60 /* Catagories.swift */,
			);
			path = components;
			sourceTree = "<group>";
		};
		CBD8AECF291784B400AFFF60 /* Screens */ = {
			isa = PBXGroup;
			children = (
				CBD8AEB72917836000AFFF60 /* TabBar.swift */,
				CBD8AEB92917837F00AFFF60 /* MainTaBar.swift */,
				CBD8AEBB2917838E00AFFF60 /* Login.swift */,
				CBD8AEBD291783A200AFFF60 /* ProfileView.swift */,
				CBD8AEBF291783B200AFFF60 /* MyProfile.swift */,
				CBD8AEC1291783C500AFFF60 /* KidsActivity.swift */,
				CBD8AEC3291783D500AFFF60 /* SignUp.swift */,
				CBD8AEC5291783E600AFFF60 /* HomeScreen.swift */,
				CBD8AEC72917840B00AFFF60 /* SplashScreen.swift */,
				CBD8AEC92917841D00AFFF60 /* DetailScreen.swift */,
				CBD8AECB2917842D00AFFF60 /* Favorite.swift */,
				CBD8AECD2917844200AFFF60 /* HomeScreen2.swift */,
			);
			path = Screens;
			sourceTree = "<group>";
		};
/* End PBXGroup section */

/* Begin PBXNativeTarget section */
		CBD8AE992916E2D600AFFF60 /* playtivity */ = {
			isa = PBXNativeTarget;
			buildConfigurationList = CBD8AEA82916E2D600AFFF60 /* Build configuration list for PBXNativeTarget "playtivity" */;
			buildPhases = (
				CBD8AE962916E2D600AFFF60 /* Sources */,
				CBD8AE972916E2D600AFFF60 /* Frameworks */,
				CBD8AE982916E2D600AFFF60 /* Resources */,
			);
			buildRules = (
			);
			dependencies = (
			);
			name = playtivity;
			productName = playtivity;
			productReference = CBD8AE9A2916E2D600AFFF60 /* playtivity.app */;
			productType = "com.apple.product-type.application";
		};
/* End PBXNativeTarget section */

/* Begin PBXProject section */
		CBD8AE922916E2D600AFFF60 /* Project object */ = {
			isa = PBXProject;
			attributes = {
				BuildIndependentTargetsInParallel = 1;
				LastSwiftUpdateCheck = 1400;
				LastUpgradeCheck = 1400;
				TargetAttributes = {
					CBD8AE992916E2D600AFFF60 = {
						CreatedOnToolsVersion = 14.0.1;
					};
				};
			};
			buildConfigurationList = CBD8AE952916E2D600AFFF60 /* Build configuration list for PBXProject "playtivity" */;
			compatibilityVersion = "Xcode 14.0";
			developmentRegion = en;
			hasScannedForEncodings = 0;
			knownRegions = (
				en,
				Base,
			);
			mainGroup = CBD8AE912916E2D600AFFF60;
			productRefGroup = CBD8AE9B2916E2D600AFFF60 /* Products */;
			projectDirPath = "";
			projectRoot = "";
			targets = (
				CBD8AE992916E2D600AFFF60 /* playtivity */,
			);
		};
/* End PBXProject section */

/* Begin PBXResourcesBuildPhase section */
		CBD8AE982916E2D600AFFF60 /* Resources */ = {
			isa = PBXResourcesBuildPhase;
			buildActionMask = 2147483647;
			files = (
				CBD8AEA52916E2D600AFFF60 /* Preview Assets.xcassets in Resources */,
				CBD8AEA22916E2D600AFFF60 /* Assets.xcassets in Resources */,
			);
			runOnlyForDeploymentPostprocessing = 0;
		};
/* End PBXResourcesBuildPhase section */

/* Begin PBXSourcesBuildPhase section */
		CBD8AE962916E2D600AFFF60 /* Sources */ = {
			isa = PBXSourcesBuildPhase;
			buildActionMask = 2147483647;
			files = (
				CBD8AECE2917844200AFFF60 /* HomeScreen2.swift in Sources */,
				CBD8AEC2291783C500AFFF60 /* KidsActivity.swift in Sources */,
				CBD8AEC4291783D500AFFF60 /* SignUp.swift in Sources */,
				CBD8AEC82917840B00AFFF60 /* SplashScreen.swift in Sources */,
				CBD8AEA02916E2D600AFFF60 /* ContentView.swift in Sources */,
				CBD8AEC0291783B200AFFF60 /* MyProfile.swift in Sources */,
				CBD8AECA2917841D00AFFF60 /* DetailScreen.swift in Sources */,
				CBD8AEBE291783A200AFFF60 /* ProfileView.swift in Sources */,
				CBD8AEB0291782CE00AFFF60 /* Catagories.swift in Sources */,
				CBD8AEC6291783E600AFFF60 /* HomeScreen.swift in Sources */,
				CBD8AECC2917842D00AFFF60 /* Favorite.swift in Sources */,
				CBD8AEAC2917829B00AFFF60 /* HeaderView.swift in Sources */,
				CBD8AEB82917836000AFFF60 /* TabBar.swift in Sources */,
				CBD8AE9E2916E2D600AFFF60 /* playtivityApp.swift in Sources */,
				CBD8AEBA2917837F00AFFF60 /* MainTaBar.swift in Sources */,
				CBD8AEAE291782B500AFFF60 /* SectionTitleView.swift in Sources */,
				CBD8AEBC2917838E00AFFF60 /* Login.swift in Sources */,
			);
			runOnlyForDeploymentPostprocessing = 0;
		};
/* End PBXSourcesBuildPhase section */

/* Begin XCBuildConfiguration section */
		CBD8AEA62916E2D600AFFF60 /* Debug */ = {
			isa = XCBuildConfiguration;
			buildSettings = {
				ALWAYS_SEARCH_USER_PATHS = NO;
				CLANG_ANALYZER_NONNULL = YES;
				CLANG_ANALYZER_NUMBER_OBJECT_CONVERSION = YES_AGGRESSIVE;
				CLANG_CXX_LANGUAGE_STANDARD = "gnu++20";
				CLANG_ENABLE_MODULES = YES;
				CLANG_ENABLE_OBJC_ARC = YES;
				CLANG_ENABLE_OBJC_WEAK = YES;
				CLANG_WARN_BLOCK_CAPTURE_AUTORELEASING = YES;
				CLANG_WARN_BOOL_CONVERSION = YES;
				CLANG_WARN_COMMA = YES;
				CLANG_WARN_CONSTANT_CONVERSION = YES;
				CLANG_WARN_DEPRECATED_OBJC_IMPLEMENTATIONS = YES;
				CLANG_WARN_DIRECT_OBJC_ISA_USAGE = YES_ERROR;
				CLANG_WARN_DOCUMENTATION_COMMENTS = YES;
				CLANG_WARN_EMPTY_BODY = YES;
				CLANG_WARN_ENUM_CONVERSION = YES;
				CLANG_WARN_INFINITE_RECURSION = YES;
				CLANG_WARN_INT_CONVERSION = YES;
				CLANG_WARN_NON_LITERAL_NULL_CONVERSION = YES;
				CLANG_WARN_OBJC_IMPLICIT_RETAIN_SELF = YES;
				CLANG_WARN_OBJC_LITERAL_CONVERSION = YES;
				CLANG_WARN_OBJC_ROOT_CLASS = YES_ERROR;
				CLANG_WARN_QUOTED_INCLUDE_IN_FRAMEWORK_HEADER = YES;
				CLANG_WARN_RANGE_LOOP_ANALYSIS = YES;
				CLANG_WARN_STRICT_PROTOTYPES = YES;
				CLANG_WARN_SUSPICIOUS_MOVE = YES;
				CLANG_WARN_UNGUARDED_AVAILABILITY = YES_AGGRESSIVE;
				CLANG_WARN_UNREACHABLE_CODE = YES;
				CLANG_WARN__DUPLICATE_METHOD_MATCH = YES;
				COPY_PHASE_STRIP = NO;
				DEBUG_INFORMATION_FORMAT = dwarf;
				ENABLE_STRICT_OBJC_MSGSEND = YES;
				ENABLE_TESTABILITY = YES;
				GCC_C_LANGUAGE_STANDARD = gnu11;
				GCC_DYNAMIC_NO_PIC = NO;
				GCC_NO_COMMON_BLOCKS = YES;
				GCC_OPTIMIZATION_LEVEL = 0;
				GCC_PREPROCESSOR_DEFINITIONS = (
					"DEBUG=1",
					"$(inherited)",
				);
				GCC_WARN_64_TO_32_BIT_CONVERSION = YES;
				GCC_WARN_ABOUT_RETURN_TYPE = YES_ERROR;
				GCC_WARN_UNDECLARED_SELECTOR = YES;
				GCC_WARN_UNINITIALIZED_AUTOS = YES_AGGRESSIVE;
				GCC_WARN_UNUSED_FUNCTION = YES;
				GCC_WARN_UNUSED_VARIABLE = YES;
				IPHONEOS_DEPLOYMENT_TARGET = 16.0;
				MTL_ENABLE_DEBUG_INFO = INCLUDE_SOURCE;
				MTL_FAST_MATH = YES;
				ONLY_ACTIVE_ARCH = YES;
				SDKROOT = iphoneos;
				SWIFT_ACTIVE_COMPILATION_CONDITIONS = DEBUG;
				SWIFT_OPTIMIZATION_LEVEL = "-Onone";
			};
			name = Debug;
		};
		CBD8AEA72916E2D600AFFF60 /* Release */ = {
			isa = XCBuildConfiguration;
			buildSettings = {
				ALWAYS_SEARCH_USER_PATHS = NO;
				CLANG_ANALYZER_NONNULL = YES;
				CLANG_ANALYZER_NUMBER_OBJECT_CONVERSION = YES_AGGRESSIVE;
				CLANG_CXX_LANGUAGE_STANDARD = "gnu++20";
				CLANG_ENABLE_MODULES = YES;
				CLANG_ENABLE_OBJC_ARC = YES;
				CLANG_ENABLE_OBJC_WEAK = YES;
				CLANG_WARN_BLOCK_CAPTURE_AUTORELEASING = YES;
				CLANG_WARN_BOOL_CONVERSION = YES;
				CLANG_WARN_COMMA = YES;
				CLANG_WARN_CONSTANT_CONVERSION = YES;
				CLANG_WARN_DEPRECATED_OBJC_IMPLEMENTATIONS = YES;
				CLANG_WARN_DIRECT_OBJC_ISA_USAGE = YES_ERROR;
				CLANG_WARN_DOCUMENTATION_COMMENTS = YES;
				CLANG_WARN_EMPTY_BODY = YES;
				CLANG_WARN_ENUM_CONVERSION = YES;
				CLANG_WARN_INFINITE_RECURSION = YES;
				CLANG_WARN_INT_CONVERSION = YES;
				CLANG_WARN_NON_LITERAL_NULL_CONVERSION = YES;
				CLANG_WARN_OBJC_IMPLICIT_RETAIN_SELF = YES;
				CLANG_WARN_OBJC_LITERAL_CONVERSION = YES;
				CLANG_WARN_OBJC_ROOT_CLASS = YES_ERROR;
				CLANG_WARN_QUOTED_INCLUDE_IN_FRAMEWORK_HEADER = YES;
				CLANG_WARN_RANGE_LOOP_ANALYSIS = YES;
				CLANG_WARN_STRICT_PROTOTYPES = YES;
				CLANG_WARN_SUSPICIOUS_MOVE = YES;
				CLANG_WARN_UNGUARDED_AVAILABILITY = YES_AGGRESSIVE;
				CLANG_WARN_UNREACHABLE_CODE = YES;
				CLANG_WARN__DUPLICATE_METHOD_MATCH = YES;
				COPY_PHASE_STRIP = NO;
				DEBUG_INFORMATION_FORMAT = "dwarf-with-dsym";
				ENABLE_NS_ASSERTIONS = NO;
				ENABLE_STRICT_OBJC_MSGSEND = YES;
				GCC_C_LANGUAGE_STANDARD = gnu11;
				GCC_NO_COMMON_BLOCKS = YES;
				GCC_WARN_64_TO_32_BIT_CONVERSION = YES;
				GCC_WARN_ABOUT_RETURN_TYPE = YES_ERROR;
				GCC_WARN_UNDECLARED_SELECTOR = YES;
				GCC_WARN_UNINITIALIZED_AUTOS = YES_AGGRESSIVE;
				GCC_WARN_UNUSED_FUNCTION = YES;
				GCC_WARN_UNUSED_VARIABLE = YES;
				IPHONEOS_DEPLOYMENT_TARGET = 16.0;
				MTL_ENABLE_DEBUG_INFO = NO;
				MTL_FAST_MATH = YES;
				SDKROOT = iphoneos;
				SWIFT_COMPILATION_MODE = wholemodule;
				SWIFT_OPTIMIZATION_LEVEL = "-O";
				VALIDATE_PRODUCT = YES;
			};
			name = Release;
		};
		CBD8AEA92916E2D600AFFF60 /* Debug */ = {
			isa = XCBuildConfiguration;
			buildSettings = {
				ASSETCATALOG_COMPILER_APPICON_NAME = AppIcon;
				ASSETCATALOG_COMPILER_GLOBAL_ACCENT_COLOR_NAME = AccentColor;
				CODE_SIGN_STYLE = Automatic;
				CURRENT_PROJECT_VERSION = 1;
				DEVELOPMENT_ASSET_PATHS = "\"playtivity/Preview Content\"";
				ENABLE_PREVIEWS = YES;
				GENERATE_INFOPLIST_FILE = YES;
				INFOPLIST_KEY_UIApplicationSceneManifest_Generation = YES;
				INFOPLIST_KEY_UIApplicationSupportsIndirectInputEvents = YES;
				INFOPLIST_KEY_UILaunchScreen_Generation = YES;
				INFOPLIST_KEY_UISupportedInterfaceOrientations_iPad = "UIInterfaceOrientationPortrait UIInterfaceOrientationPortraitUpsideDown UIInterfaceOrientationLandscapeLeft UIInterfaceOrientationLandscapeRight";
				INFOPLIST_KEY_UISupportedInterfaceOrientations_iPhone = "UIInterfaceOrientationPortrait UIInterfaceOrientationLandscapeLeft UIInterfaceOrientationLandscapeRight";
				LD_RUNPATH_SEARCH_PATHS = (
					"$(inherited)",
					"@executable_path/Frameworks",
				);
				MARKETING_VERSION = 1.0;
				PRODUCT_BUNDLE_IDENTIFIER = com.AppleAcademy.playtivity;
				PRODUCT_NAME = "$(TARGET_NAME)";
				SWIFT_EMIT_LOC_STRINGS = YES;
				SWIFT_VERSION = 5.0;
				TARGETED_DEVICE_FAMILY = "1,2";
			};
			name = Debug;
		};
		CBD8AEAA2916E2D600AFFF60 /* Release */ = {
			isa = XCBuildConfiguration;
			buildSettings = {
				ASSETCATALOG_COMPILER_APPICON_NAME = AppIcon;
				ASSETCATALOG_COMPILER_GLOBAL_ACCENT_COLOR_NAME = AccentColor;
				CODE_SIGN_STYLE = Automatic;
				CURRENT_PROJECT_VERSION = 1;
				DEVELOPMENT_ASSET_PATHS = "\"playtivity/Preview Content\"";
				ENABLE_PREVIEWS = YES;
				GENERATE_INFOPLIST_FILE = YES;
				INFOPLIST_KEY_UIApplicationSceneManifest_Generation = YES;
				INFOPLIST_KEY_UIApplicationSupportsIndirectInputEvents = YES;
				INFOPLIST_KEY_UILaunchScreen_Generation = YES;
				INFOPLIST_KEY_UISupportedInterfaceOrientations_iPad = "UIInterfaceOrientationPortrait UIInterfaceOrientationPortraitUpsideDown UIInterfaceOrientationLandscapeLeft UIInterfaceOrientationLandscapeRight";
				INFOPLIST_KEY_UISupportedInterfaceOrientations_iPhone = "UIInterfaceOrientationPortrait UIInterfaceOrientationLandscapeLeft UIInterfaceOrientationLandscapeRight";
				LD_RUNPATH_SEARCH_PATHS = (
					"$(inherited)",
					"@executable_path/Frameworks",
				);
				MARKETING_VERSION = 1.0;
				PRODUCT_BUNDLE_IDENTIFIER = com.AppleAcademy.playtivity;
				PRODUCT_NAME = "$(TARGET_NAME)";
				SWIFT_EMIT_LOC_STRINGS = YES;
				SWIFT_VERSION = 5.0;
				TARGETED_DEVICE_FAMILY = "1,2";
			};
			name = Release;
		};
/* End XCBuildConfiguration section */

/* Begin XCConfigurationList section */
		CBD8AE952916E2D600AFFF60 /* Build configuration list for PBXProject "playtivity" */ = {
			isa = XCConfigurationList;
			buildConfigurations = (
				CBD8AEA62916E2D600AFFF60 /* Debug */,
				CBD8AEA72916E2D600AFFF60 /* Release */,
			);
			defaultConfigurationIsVisible = 0;
			defaultConfigurationName = Release;
		};
		CBD8AEA82916E2D600AFFF60 /* Build configuration list for PBXNativeTarget "playtivity" */ = {
			isa = XCConfigurationList;
			buildConfigurations = (
				CBD8AEA92916E2D600AFFF60 /* Debug */,
				CBD8AEAA2916E2D600AFFF60 /* Release */,
			);
			defaultConfigurationIsVisible = 0;
			defaultConfigurationName = Release;
		};
/* End XCConfigurationList section */
	};
	rootObject = CBD8AE922916E2D600AFFF60 /* Project object */;
}
